
Microsoft Visual Studio Solution File, Format Version 12.00
# Visual Studio Version 17
VisualStudioVersion = 17.3.32929.385
MinimumVisualStudioVersion = 10.0.40219.1
Project("{9A19103F-16F7-4668-BE54-9A1E7A4F7556}") = "SimpleMockServer", "src\SimpleMockServer\SimpleMockServer.csproj", "{73961771-306D-4BCB-AC85-80EF150B8C6C}"
EndProject
Project("{2150E333-8FDC-42A3-9474-1A3956D46DE8}") = "src", "src", "{79895E68-D478-411B-98E3-00FA4E31E8AA}"
EndProject
Project("{2150E333-8FDC-42A3-9474-1A3956D46DE8}") = "common", "common", "{B539FCB9-CD31-44BD-BD76-5BCA0A35E4C4}"
	ProjectSection(SolutionItems) = preProject
		.editorconfig = .editorconfig
		.gitignore = .gitignore
		global.json = global.json
		todo_teature.txt = todo_teature.txt
		readme.md = readme.md
	EndProjectSection
EndProject
Project("{2150E333-8FDC-42A3-9474-1A3956D46DE8}") = "tests", "tests", "{BE927F78-B04F-4B6F-97FD-9B8397AF9915}"
EndProject
Project("{9A19103F-16F7-4668-BE54-9A1E7A4F7556}") = "SimpleMockServer.IntegrationTests", "tests\SimpleMockServer.IntegrationTests\SimpleMockServer.IntegrationTests.csproj", "{2CE89943-5747-44A8-AD37-1A200067B13A}"
EndProject
Project("{9A19103F-16F7-4668-BE54-9A1E7A4F7556}") = "SimpleMockServer.Common", "src\SimpleMockServer.Common\SimpleMockServer.Common.csproj", "{C78A8ECD-5425-4AA0-B6CC-CB323A89AC32}"
EndProject
Project("{9A19103F-16F7-4668-BE54-9A1E7A4F7556}") = "SimpleMockServer.FileSectionFormat", "src\SimpleMockServer.FileSectionFormat\SimpleMockServer.FileSectionFormat.csproj", "{E092952A-4EC0-4BD3-916A-6D5F75057830}"
EndProject
Project("{9A19103F-16F7-4668-BE54-9A1E7A4F7556}") = "SimpleMockServer.Domain", "src\SimpleMockServer.Domain\SimpleMockServer.Domain.csproj", "{E2CD2B3B-6D9F-4EAB-80C1-5D6F09BACD93}"
EndProject
Project("{9A19103F-16F7-4668-BE54-9A1E7A4F7556}") = "SimpleMockServer.Domain.Configuration", "src\SimpleMockServer.Domain.Configuration\SimpleMockServer.Domain.Configuration.csproj", "{6D9A5298-EB81-4474-A518-143FD9F3F4E5}"
EndProject
Project("{9A19103F-16F7-4668-BE54-9A1E7A4F7556}") = "SimpleMockServer.Domain.UnitTests", "tests\SimpleMockServer.Domain.UnitTests\SimpleMockServer.Domain.UnitTests.csproj", "{55B22771-D380-474A-B5F9-45F063C51DBD}"
EndProject
Project("{2150E333-8FDC-42A3-9474-1A3956D46DE8}") = "ExternalCalling", "ExternalCalling", "{649203ED-AC00-43E6-9606-3128B29A446F}"
EndProject
Project("{9A19103F-16F7-4668-BE54-9A1E7A4F7556}") = "SimpleMockServer.ExternalCalling.Http.Caller", "src\SimpleMockServer.ExternalCalling.Http.Caller\SimpleMockServer.ExternalCalling.Http.Caller.csproj", "{571C950A-EC78-4BD2-AA30-7489A56A9B35}"
EndProject
Project("{9A19103F-16F7-4668-BE54-9A1E7A4F7556}") = "SimpleMockServer.ExternalCalling.Http.Configuration", "src\SimpleMockServer.ExternalCalling.Http.Configuration\SimpleMockServer.ExternalCalling.Http.Configuration.csproj", "{BFF1DF49-7776-4E9F-9D4D-B0C9F85932E2}"
EndProject
Project("{9A19103F-16F7-4668-BE54-9A1E7A4F7556}") = "SimpleMockServer.Configuration", "src\SimpleMockServer.Configuration\SimpleMockServer.Configuration.csproj", "{00953478-60D4-4092-B231-D9E47AB83F3E}"
EndProject
Project("{2150E333-8FDC-42A3-9474-1A3956D46DE8}") = "Domain", "Domain", "{044C763C-B375-4A31-9A6E-DCDE605EEDFB}"
EndProject
Project("{9A19103F-16F7-4668-BE54-9A1E7A4F7556}") = "SimpleMockServer.Domain.DataModel", "src\SimpleMockServer.Domain.DataModel\SimpleMockServer.Domain.DataModel.csproj", "{D6B34C9E-6580-492C-922D-A0EDAD316FD1}"
EndProject
Project("{2150E333-8FDC-42A3-9474-1A3956D46DE8}") = "docker", "docker", "{767340BD-E0C8-4628-998C-D3B26E5CA480}"
	ProjectSection(SolutionItems) = preProject
		docker-compose.yml = docker-compose.yml
		dockerfile = dockerfile
	EndProjectSection
EndProject
Project("{9A19103F-16F7-4668-BE54-9A1E7A4F7556}") = "SimpleMockServer.Domain.TextPart", "src\SimpleMockServer.Domain.TextPart\SimpleMockServer.Domain.TextPart.csproj", "{D4124250-A017-4E8E-9C96-49AF7D67FCA8}"
EndProject
Project("{2150E333-8FDC-42A3-9474-1A3956D46DE8}") = "TextParts", "TextParts", "{72A44983-7297-4284-BD2C-24CC9D307612}"
EndProject
Project("{2150E333-8FDC-42A3-9474-1A3956D46DE8}") = "docs", "docs", "{21774504-6CD6-450E-AB05-ED537234E470}"
	ProjectSection(SolutionItems) = preProject
		docs\guide.md = docs\guide.md
		docs\match_functions.md = docs\match_functions.md
		docs\data.md = docs\data.md
	EndProjectSection
EndProject
Project("{2150E333-8FDC-42A3-9474-1A3956D46DE8}") = "Impl", "Impl", "{801BCB31-DB66-4C7C-97A0-CB67BA63CD91}"
EndProject
Project("{FAE04EC0-301F-11D3-BF4B-00C04F79EFBC}") = "SimpleMockServer.Domain.TextPart.Utils", "src\SimpleMockServer.Domain.TextPart.Utils\SimpleMockServer.Domain.TextPart.Utils.csproj", "{12800204-B057-41B1-8707-710C9A1F5EDD}"
EndProject
Project("{FAE04EC0-301F-11D3-BF4B-00C04F79EFBC}") = "SimpleMockServer.Domain.TextPart.Impl.PreDefinedFunctions", "src\SimpleMockServer.Domain.TextPart.Impl.PreDefinedFunctions\SimpleMockServer.Domain.TextPart.Impl.PreDefinedFunctions.csproj", "{ADC3BDBF-549D-4043-A544-27DC0A4DD244}"
EndProject
Project("{FAE04EC0-301F-11D3-BF4B-00C04F79EFBC}") = "SimpleMockServer.Domain.TextPart.Impl.CSharp", "src\SimpleMockServer.Domain.TextPart.Impl.CSharp\SimpleMockServer.Domain.TextPart.Impl.CSharp.csproj", "{DA9A0A48-84B2-4048-857A-5A73782630CF}"
EndProject
Project("{FAE04EC0-301F-11D3-BF4B-00C04F79EFBC}") = "SimpleMockServer.Domain.TextPart.Impl.Custom", "src\SimpleMockServer.Domain.TextPart.Impl.Custom\SimpleMockServer.Domain.TextPart.Impl.Custom.csproj", "{3C26AB7B-B3A9-40BC-977C-194380ABC8A2}"
EndProject
Global
	GlobalSection(SolutionConfigurationPlatforms) = preSolution
		Debug|Any CPU = Debug|Any CPU
		Release|Any CPU = Release|Any CPU
	EndGlobalSection
	GlobalSection(ProjectConfigurationPlatforms) = postSolution
		{73961771-306D-4BCB-AC85-80EF150B8C6C}.Debug|Any CPU.ActiveCfg = Debug|Any CPU
		{73961771-306D-4BCB-AC85-80EF150B8C6C}.Debug|Any CPU.Build.0 = Debug|Any CPU
		{73961771-306D-4BCB-AC85-80EF150B8C6C}.Release|Any CPU.ActiveCfg = Release|Any CPU
		{73961771-306D-4BCB-AC85-80EF150B8C6C}.Release|Any CPU.Build.0 = Release|Any CPU
		{2CE89943-5747-44A8-AD37-1A200067B13A}.Debug|Any CPU.ActiveCfg = Debug|Any CPU
		{2CE89943-5747-44A8-AD37-1A200067B13A}.Debug|Any CPU.Build.0 = Debug|Any CPU
		{2CE89943-5747-44A8-AD37-1A200067B13A}.Release|Any CPU.ActiveCfg = Release|Any CPU
		{2CE89943-5747-44A8-AD37-1A200067B13A}.Release|Any CPU.Build.0 = Release|Any CPU
		{C78A8ECD-5425-4AA0-B6CC-CB323A89AC32}.Debug|Any CPU.ActiveCfg = Debug|Any CPU
		{C78A8ECD-5425-4AA0-B6CC-CB323A89AC32}.Debug|Any CPU.Build.0 = Debug|Any CPU
		{C78A8ECD-5425-4AA0-B6CC-CB323A89AC32}.Release|Any CPU.ActiveCfg = Release|Any CPU
		{C78A8ECD-5425-4AA0-B6CC-CB323A89AC32}.Release|Any CPU.Build.0 = Release|Any CPU
		{E092952A-4EC0-4BD3-916A-6D5F75057830}.Debug|Any CPU.ActiveCfg = Debug|Any CPU
		{E092952A-4EC0-4BD3-916A-6D5F75057830}.Debug|Any CPU.Build.0 = Debug|Any CPU
		{E092952A-4EC0-4BD3-916A-6D5F75057830}.Release|Any CPU.ActiveCfg = Release|Any CPU
		{E092952A-4EC0-4BD3-916A-6D5F75057830}.Release|Any CPU.Build.0 = Release|Any CPU
		{E2CD2B3B-6D9F-4EAB-80C1-5D6F09BACD93}.Debug|Any CPU.ActiveCfg = Debug|Any CPU
		{E2CD2B3B-6D9F-4EAB-80C1-5D6F09BACD93}.Debug|Any CPU.Build.0 = Debug|Any CPU
		{E2CD2B3B-6D9F-4EAB-80C1-5D6F09BACD93}.Release|Any CPU.ActiveCfg = Release|Any CPU
		{E2CD2B3B-6D9F-4EAB-80C1-5D6F09BACD93}.Release|Any CPU.Build.0 = Release|Any CPU
		{6D9A5298-EB81-4474-A518-143FD9F3F4E5}.Debug|Any CPU.ActiveCfg = Debug|Any CPU
		{6D9A5298-EB81-4474-A518-143FD9F3F4E5}.Debug|Any CPU.Build.0 = Debug|Any CPU
		{6D9A5298-EB81-4474-A518-143FD9F3F4E5}.Release|Any CPU.ActiveCfg = Release|Any CPU
		{6D9A5298-EB81-4474-A518-143FD9F3F4E5}.Release|Any CPU.Build.0 = Release|Any CPU
		{55B22771-D380-474A-B5F9-45F063C51DBD}.Debug|Any CPU.ActiveCfg = Debug|Any CPU
		{55B22771-D380-474A-B5F9-45F063C51DBD}.Debug|Any CPU.Build.0 = Debug|Any CPU
		{55B22771-D380-474A-B5F9-45F063C51DBD}.Release|Any CPU.ActiveCfg = Release|Any CPU
		{55B22771-D380-474A-B5F9-45F063C51DBD}.Release|Any CPU.Build.0 = Release|Any CPU
		{571C950A-EC78-4BD2-AA30-7489A56A9B35}.Debug|Any CPU.ActiveCfg = Debug|Any CPU
		{571C950A-EC78-4BD2-AA30-7489A56A9B35}.Debug|Any CPU.Build.0 = Debug|Any CPU
		{571C950A-EC78-4BD2-AA30-7489A56A9B35}.Release|Any CPU.ActiveCfg = Release|Any CPU
		{571C950A-EC78-4BD2-AA30-7489A56A9B35}.Release|Any CPU.Build.0 = Release|Any CPU
		{BFF1DF49-7776-4E9F-9D4D-B0C9F85932E2}.Debug|Any CPU.ActiveCfg = Debug|Any CPU
		{BFF1DF49-7776-4E9F-9D4D-B0C9F85932E2}.Debug|Any CPU.Build.0 = Debug|Any CPU
		{BFF1DF49-7776-4E9F-9D4D-B0C9F85932E2}.Release|Any CPU.ActiveCfg = Release|Any CPU
		{BFF1DF49-7776-4E9F-9D4D-B0C9F85932E2}.Release|Any CPU.Build.0 = Release|Any CPU
		{00953478-60D4-4092-B231-D9E47AB83F3E}.Debug|Any CPU.ActiveCfg = Debug|Any CPU
		{00953478-60D4-4092-B231-D9E47AB83F3E}.Debug|Any CPU.Build.0 = Debug|Any CPU
		{00953478-60D4-4092-B231-D9E47AB83F3E}.Release|Any CPU.ActiveCfg = Release|Any CPU
		{00953478-60D4-4092-B231-D9E47AB83F3E}.Release|Any CPU.Build.0 = Release|Any CPU
		{D6B34C9E-6580-492C-922D-A0EDAD316FD1}.Debug|Any CPU.ActiveCfg = Debug|Any CPU
		{D6B34C9E-6580-492C-922D-A0EDAD316FD1}.Debug|Any CPU.Build.0 = Debug|Any CPU
		{D6B34C9E-6580-492C-922D-A0EDAD316FD1}.Release|Any CPU.ActiveCfg = Release|Any CPU
		{D6B34C9E-6580-492C-922D-A0EDAD316FD1}.Release|Any CPU.Build.0 = Release|Any CPU
		{D4124250-A017-4E8E-9C96-49AF7D67FCA8}.Debug|Any CPU.ActiveCfg = Debug|Any CPU
		{D4124250-A017-4E8E-9C96-49AF7D67FCA8}.Debug|Any CPU.Build.0 = Debug|Any CPU
		{D4124250-A017-4E8E-9C96-49AF7D67FCA8}.Release|Any CPU.ActiveCfg = Release|Any CPU
		{D4124250-A017-4E8E-9C96-49AF7D67FCA8}.Release|Any CPU.Build.0 = Release|Any CPU
		{12800204-B057-41B1-8707-710C9A1F5EDD}.Debug|Any CPU.ActiveCfg = Debug|Any CPU
		{12800204-B057-41B1-8707-710C9A1F5EDD}.Debug|Any CPU.Build.0 = Debug|Any CPU
		{12800204-B057-41B1-8707-710C9A1F5EDD}.Release|Any CPU.ActiveCfg = Release|Any CPU
		{12800204-B057-41B1-8707-710C9A1F5EDD}.Release|Any CPU.Build.0 = Release|Any CPU
		{ADC3BDBF-549D-4043-A544-27DC0A4DD244}.Debug|Any CPU.ActiveCfg = Debug|Any CPU
		{ADC3BDBF-549D-4043-A544-27DC0A4DD244}.Debug|Any CPU.Build.0 = Debug|Any CPU
		{ADC3BDBF-549D-4043-A544-27DC0A4DD244}.Release|Any CPU.ActiveCfg = Release|Any CPU
		{ADC3BDBF-549D-4043-A544-27DC0A4DD244}.Release|Any CPU.Build.0 = Release|Any CPU
		{DA9A0A48-84B2-4048-857A-5A73782630CF}.Debug|Any CPU.ActiveCfg = Debug|Any CPU
		{DA9A0A48-84B2-4048-857A-5A73782630CF}.Debug|Any CPU.Build.0 = Debug|Any CPU
		{DA9A0A48-84B2-4048-857A-5A73782630CF}.Release|Any CPU.ActiveCfg = Release|Any CPU
		{DA9A0A48-84B2-4048-857A-5A73782630CF}.Release|Any CPU.Build.0 = Release|Any CPU
		{3C26AB7B-B3A9-40BC-977C-194380ABC8A2}.Debug|Any CPU.ActiveCfg = Debug|Any CPU
		{3C26AB7B-B3A9-40BC-977C-194380ABC8A2}.Debug|Any CPU.Build.0 = Debug|Any CPU
		{3C26AB7B-B3A9-40BC-977C-194380ABC8A2}.Release|Any CPU.ActiveCfg = Release|Any CPU
		{3C26AB7B-B3A9-40BC-977C-194380ABC8A2}.Release|Any CPU.Build.0 = Release|Any CPU
	EndGlobalSection
	GlobalSection(SolutionProperties) = preSolution
		HideSolutionNode = FALSE
	EndGlobalSection
	GlobalSection(NestedProjects) = preSolution
		{73961771-306D-4BCB-AC85-80EF150B8C6C} = {79895E68-D478-411B-98E3-00FA4E31E8AA}
		{2CE89943-5747-44A8-AD37-1A200067B13A} = {BE927F78-B04F-4B6F-97FD-9B8397AF9915}
		{C78A8ECD-5425-4AA0-B6CC-CB323A89AC32} = {79895E68-D478-411B-98E3-00FA4E31E8AA}
		{E092952A-4EC0-4BD3-916A-6D5F75057830} = {79895E68-D478-411B-98E3-00FA4E31E8AA}
		{E2CD2B3B-6D9F-4EAB-80C1-5D6F09BACD93} = {044C763C-B375-4A31-9A6E-DCDE605EEDFB}
		{6D9A5298-EB81-4474-A518-143FD9F3F4E5} = {044C763C-B375-4A31-9A6E-DCDE605EEDFB}
		{55B22771-D380-474A-B5F9-45F063C51DBD} = {BE927F78-B04F-4B6F-97FD-9B8397AF9915}
		{649203ED-AC00-43E6-9606-3128B29A446F} = {79895E68-D478-411B-98E3-00FA4E31E8AA}
		{571C950A-EC78-4BD2-AA30-7489A56A9B35} = {649203ED-AC00-43E6-9606-3128B29A446F}
		{BFF1DF49-7776-4E9F-9D4D-B0C9F85932E2} = {649203ED-AC00-43E6-9606-3128B29A446F}
		{00953478-60D4-4092-B231-D9E47AB83F3E} = {79895E68-D478-411B-98E3-00FA4E31E8AA}
		{044C763C-B375-4A31-9A6E-DCDE605EEDFB} = {79895E68-D478-411B-98E3-00FA4E31E8AA}
		{D6B34C9E-6580-492C-922D-A0EDAD316FD1} = {044C763C-B375-4A31-9A6E-DCDE605EEDFB}
		{D4124250-A017-4E8E-9C96-49AF7D67FCA8} = {72A44983-7297-4284-BD2C-24CC9D307612}
		{72A44983-7297-4284-BD2C-24CC9D307612} = {044C763C-B375-4A31-9A6E-DCDE605EEDFB}
		{801BCB31-DB66-4C7C-97A0-CB67BA63CD91} = {72A44983-7297-4284-BD2C-24CC9D307612}
		{ADC3BDBF-549D-4043-A544-27DC0A4DD244} = {801BCB31-DB66-4C7C-97A0-CB67BA63CD91}
		{DA9A0A48-84B2-4048-857A-5A73782630CF} = {801BCB31-DB66-4C7C-97A0-CB67BA63CD91}
		{3C26AB7B-B3A9-40BC-977C-194380ABC8A2} = {801BCB31-DB66-4C7C-97A0-CB67BA63CD91}
		{12800204-B057-41B1-8707-710C9A1F5EDD} = {801BCB31-DB66-4C7C-97A0-CB67BA63CD91}
	EndGlobalSection
	GlobalSection(ExtensibilityGlobals) = postSolution
		SolutionGuid = {A5607801-446F-4C0E-B08E-5A39EE462311}
	EndGlobalSection
EndGlobal
